
Microsoft Visual Studio Solution File, Format Version 12.00
# Visual Studio Version 17
VisualStudioVersion = 17.0.32126.317
MinimumVisualStudioVersion = 10.0.40219.1
Project("{FAE04EC0-301F-11D3-BF4B-00C04F79EFBC}") = "Hermes ClI", "Hermes ClI\Hermes ClI.csproj", "{728D3166-6320-4EC9-B00D-C0918E6F688E}"
EndProject
Global
	GlobalSection(SolutionConfigurationPlatforms) = preSolution
		Debug|Any CPU = Debug|Any CPU
		Release|Any CPU = Release|Any CPU
	EndGlobalSection
	GlobalSection(ProjectConfigurationPlatforms) = postSolution
		{728D3166-6320-4EC9-B00D-C0918E6F688E}.Debug|Any CPU.ActiveCfg = Debug|Any CPU
		{728D3166-6320-4EC9-B00D-C0918E6F688E}.Debug|Any CPU.Build.0 = Debug|Any CPU
		{728D3166-6320-4EC9-B00D-C0918E6F688E}.Release|Any CPU.ActiveCfg = Release|Any CPU
		{728D3166-6320-4EC9-B00D-C0918E6F688E}.Release|Any CPU.Build.0 = Release|Any CPU
	EndGlobalSection
	GlobalSection(SolutionProperties) = preSolution
		HideSolutionNode = FALSE
	EndGlobalSection
	GlobalSection(ExtensibilityGlobals) = postSolution
		SolutionGuid = {DB4D9FDC-D1CC-4F64-8AC4-EAFB6C752660}
	EndGlobalSection
EndGlobal
